
Microsoft Visual Studio Solution File, Format Version 12.00
# Visual Studio Version 17
VisualStudioVersion = 17.7.34003.232
MinimumVisualStudioVersion = 10.0.40219.1
Project("{FAE04EC0-301F-11D3-BF4B-00C04F79EFBC}") = "BookStoreWeb", "BookStoreWeb\BookStoreWeb.csproj", "{5E59AA45-B3D5-4ED1-B795-5AF66F22426E}"
EndProject
Global
	GlobalSection(SolutionConfigurationPlatforms) = preSolution
		Debug|Any CPU = Debug|Any CPU
		Release|Any CPU = Release|Any CPU
	EndGlobalSection
	GlobalSection(ProjectConfigurationPlatforms) = postSolution
		{5E59AA45-B3D5-4ED1-B795-5AF66F22426E}.Debug|Any CPU.ActiveCfg = Debug|Any CPU
		{5E59AA45-B3D5-4ED1-B795-5AF66F22426E}.Debug|Any CPU.Build.0 = Debug|Any CPU
		{5E59AA45-B3D5-4ED1-B795-5AF66F22426E}.Release|Any CPU.ActiveCfg = Release|Any CPU
		{5E59AA45-B3D5-4ED1-B795-5AF66F22426E}.Release|Any CPU.Build.0 = Release|Any CPU
	EndGlobalSection
	GlobalSection(SolutionProperties) = preSolution
		HideSolutionNode = FALSE
	EndGlobalSection
	GlobalSection(ExtensibilityGlobals) = postSolution
		SolutionGuid = {AA7B9363-8607-45D9-8160-D62C3E3859A4}
	EndGlobalSection
EndGlobal
